schema: '2.0'
stages:
  download_data:
    cmd: python scripts/download_data.py --manifest data/manifest.csv --out 
      data/raw
    deps:
    - path: data/manifest.csv
      hash: md5
      md5: 09a51cee3557f5c2bd3c8bdf73caa00d
      size: 1069
    - path: scripts/download_data.py
      hash: md5
      md5: 282372af6c33847efc33306e35682e90
      size: 2247
    outs:
    - path: data/raw
      hash: md5
      md5: c58510c673f93afb2440d0de7f8fce13.dir
      size: 195851144
      nfiles: 8
